
Microsoft Visual Studio Solution File, Format Version 12.00
# Visual Studio Version 17
VisualStudioVersion = 17.4.33122.133
MinimumVisualStudioVersion = 10.0.40219.1
Project("{FAE04EC0-301F-11D3-BF4B-00C04F79EFBC}") = "Vehicles", "Vehicles\Vehicles.csproj", "{D175E360-62BE-4A8A-A185-0FB5566C1817}"
EndProject
Global
	GlobalSection(SolutionConfigurationPlatforms) = preSolution
		Debug|Any CPU = Debug|Any CPU
		Release|Any CPU = Release|Any CPU
	EndGlobalSection
	GlobalSection(ProjectConfigurationPlatforms) = postSolution
		{D175E360-62BE-4A8A-A185-0FB5566C1817}.Debug|Any CPU.ActiveCfg = Debug|Any CPU
		{D175E360-62BE-4A8A-A185-0FB5566C1817}.Debug|Any CPU.Build.0 = Debug|Any CPU
		{D175E360-62BE-4A8A-A185-0FB5566C1817}.Release|Any CPU.ActiveCfg = Release|Any CPU
		{D175E360-62BE-4A8A-A185-0FB5566C1817}.Release|Any CPU.Build.0 = Release|Any CPU
	EndGlobalSection
	GlobalSection(SolutionProperties) = preSolution
		HideSolutionNode = FALSE
	EndGlobalSection
	GlobalSection(ExtensibilityGlobals) = postSolution
		SolutionGuid = {04EE5C64-47FE-4AB6-912D-9E944AED1A02}
	EndGlobalSection
EndGlobal
